
Microsoft Visual Studio Solution File, Format Version 12.00
# Visual Studio Version 17
VisualStudioVersion = 17.13.35825.156 d17.13
MinimumVisualStudioVersion = 10.0.40219.1
Project("{FAE04EC0-301F-11D3-BF4B-00C04F79EFBC}") = "practic_2", "practic_2\practic_2.csproj", "{5B513594-196E-47D7-9C19-4B7008B5C55F}"
EndProject
Global
	GlobalSection(SolutionConfigurationPlatforms) = preSolution
		Debug|Any CPU = Debug|Any CPU
		Release|Any CPU = Release|Any CPU
	EndGlobalSection
	GlobalSection(ProjectConfigurationPlatforms) = postSolution
		{5B513594-196E-47D7-9C19-4B7008B5C55F}.Debug|Any CPU.ActiveCfg = Debug|Any CPU
		{5B513594-196E-47D7-9C19-4B7008B5C55F}.Debug|Any CPU.Build.0 = Debug|Any CPU
		{5B513594-196E-47D7-9C19-4B7008B5C55F}.Release|Any CPU.ActiveCfg = Release|Any CPU
		{5B513594-196E-47D7-9C19-4B7008B5C55F}.Release|Any CPU.Build.0 = Release|Any CPU
	EndGlobalSection
	GlobalSection(SolutionProperties) = preSolution
		HideSolutionNode = FALSE
	EndGlobalSection
	GlobalSection(ExtensibilityGlobals) = postSolution
		SolutionGuid = {C611FB22-CAD4-4EDF-9DD6-5BC53DEF5DDB}
	EndGlobalSection
EndGlobal
