
Microsoft Visual Studio Solution File, Format Version 12.00
# Visual Studio Version 17
VisualStudioVersion = 17.13.35825.156 d17.13
MinimumVisualStudioVersion = 10.0.40219.1
Project("{FAE04EC0-301F-11D3-BF4B-00C04F79EFBC}") = "companies", "companies\companies.csproj", "{4E211D78-37E3-4D60-A2F9-192E3AB6BD18}"
EndProject
Global
	GlobalSection(SolutionConfigurationPlatforms) = preSolution
		Debug|Any CPU = Debug|Any CPU
		Release|Any CPU = Release|Any CPU
	EndGlobalSection
	GlobalSection(ProjectConfigurationPlatforms) = postSolution
		{4E211D78-37E3-4D60-A2F9-192E3AB6BD18}.Debug|Any CPU.ActiveCfg = Debug|Any CPU
		{4E211D78-37E3-4D60-A2F9-192E3AB6BD18}.Debug|Any CPU.Build.0 = Debug|Any CPU
		{4E211D78-37E3-4D60-A2F9-192E3AB6BD18}.Release|Any CPU.ActiveCfg = Release|Any CPU
		{4E211D78-37E3-4D60-A2F9-192E3AB6BD18}.Release|Any CPU.Build.0 = Release|Any CPU
	EndGlobalSection
	GlobalSection(SolutionProperties) = preSolution
		HideSolutionNode = FALSE
	EndGlobalSection
	GlobalSection(ExtensibilityGlobals) = postSolution
		SolutionGuid = {E19AC2CE-11B0-48D4-81A5-E7A1D4B7EE65}
	EndGlobalSection
EndGlobal
