
Microsoft Visual Studio Solution File, Format Version 12.00
# Visual Studio Version 17
VisualStudioVersion = 17.13.35825.156 d17.13
MinimumVisualStudioVersion = 10.0.40219.1
Project("{FAE04EC0-301F-11D3-BF4B-00C04F79EFBC}") = "system_locuinte", "system_locuinte\system_locuinte.csproj", "{3C1E0991-C7CC-4102-ADBD-EA96C7623A8B}"
EndProject
Global
	GlobalSection(SolutionConfigurationPlatforms) = preSolution
		Debug|Any CPU = Debug|Any CPU
		Release|Any CPU = Release|Any CPU
	EndGlobalSection
	GlobalSection(ProjectConfigurationPlatforms) = postSolution
		{3C1E0991-C7CC-4102-ADBD-EA96C7623A8B}.Debug|Any CPU.ActiveCfg = Debug|Any CPU
		{3C1E0991-C7CC-4102-ADBD-EA96C7623A8B}.Debug|Any CPU.Build.0 = Debug|Any CPU
		{3C1E0991-C7CC-4102-ADBD-EA96C7623A8B}.Release|Any CPU.ActiveCfg = Release|Any CPU
		{3C1E0991-C7CC-4102-ADBD-EA96C7623A8B}.Release|Any CPU.Build.0 = Release|Any CPU
	EndGlobalSection
	GlobalSection(SolutionProperties) = preSolution
		HideSolutionNode = FALSE
	EndGlobalSection
	GlobalSection(ExtensibilityGlobals) = postSolution
		SolutionGuid = {E4F96E91-C6D4-4CE3-B270-A987E3D3EF99}
	EndGlobalSection
EndGlobal
