
Microsoft Visual Studio Solution File, Format Version 12.00
# Visual Studio Version 17
VisualStudioVersion = 17.13.35825.156 d17.13
MinimumVisualStudioVersion = 10.0.40219.1
Project("{FAE04EC0-301F-11D3-BF4B-00C04F79EFBC}") = "Practic1Briosa", "WinFormsApp1\Practic1Briosa.csproj", "{78C8E0A0-9585-495B-AED6-9BC85585EA09}"
EndProject
Global
	GlobalSection(SolutionConfigurationPlatforms) = preSolution
		Debug|Any CPU = Debug|Any CPU
		Release|Any CPU = Release|Any CPU
	EndGlobalSection
	GlobalSection(ProjectConfigurationPlatforms) = postSolution
		{78C8E0A0-9585-495B-AED6-9BC85585EA09}.Debug|Any CPU.ActiveCfg = Debug|Any CPU
		{78C8E0A0-9585-495B-AED6-9BC85585EA09}.Debug|Any CPU.Build.0 = Debug|Any CPU
		{78C8E0A0-9585-495B-AED6-9BC85585EA09}.Release|Any CPU.ActiveCfg = Release|Any CPU
		{78C8E0A0-9585-495B-AED6-9BC85585EA09}.Release|Any CPU.Build.0 = Release|Any CPU
	EndGlobalSection
	GlobalSection(SolutionProperties) = preSolution
		HideSolutionNode = FALSE
	EndGlobalSection
	GlobalSection(ExtensibilityGlobals) = postSolution
		SolutionGuid = {59DD539A-5B46-4340-995A-0F538D0D8C5C}
	EndGlobalSection
EndGlobal
